{
  "name": "animal-shelter",
  "version": "1.0.0",
  "lockfileVersion": 1,
  "requires": true,
  "dependencies": {
    "reseter.css": {
      "version": "2.0.0",
      "resolved": "https://registry.npmjs.org/reseter.css/-/reseter.css-2.0.0.tgz",
      "integrity": "sha512-u98r3v0drXwxwRFhBywZOk+9LWoNVMy+tSClR6wJG+XXbrR/fpuuzbWQ8N5Uxczp3xMUX86E4PCWzitzsZ5GOg=="
    }
  }
}
